
Microsoft Visual Studio Solution File, Format Version 12.00
# Visual Studio Version 17
VisualStudioVersion = 17.9.34616.47
MinimumVisualStudioVersion = 10.0.40219.1
Project("{FAE04EC0-301F-11D3-BF4B-00C04F79EFBC}") = "Client", "Client\Client.csproj", "{CD53264C-6EDC-4977-8B9C-FD05CE6E835E}"
EndProject
Global
	GlobalSection(SolutionConfigurationPlatforms) = preSolution
		Debug|Any CPU = Debug|Any CPU
		Release|Any CPU = Release|Any CPU
	EndGlobalSection
	GlobalSection(ProjectConfigurationPlatforms) = postSolution
		{CD53264C-6EDC-4977-8B9C-FD05CE6E835E}.Debug|Any CPU.ActiveCfg = Debug|Any CPU
		{CD53264C-6EDC-4977-8B9C-FD05CE6E835E}.Debug|Any CPU.Build.0 = Debug|Any CPU
		{CD53264C-6EDC-4977-8B9C-FD05CE6E835E}.Release|Any CPU.ActiveCfg = Release|Any CPU
		{CD53264C-6EDC-4977-8B9C-FD05CE6E835E}.Release|Any CPU.Build.0 = Release|Any CPU
	EndGlobalSection
	GlobalSection(SolutionProperties) = preSolution
		HideSolutionNode = FALSE
	EndGlobalSection
	GlobalSection(ExtensibilityGlobals) = postSolution
		SolutionGuid = {CD998C61-B3E3-4745-BA7C-19B035D3B082}
	EndGlobalSection
EndGlobal
